
Microsoft Visual Studio Solution File, Format Version 12.00
# Visual Studio Version 17
VisualStudioVersion = 17.9.34723.18
MinimumVisualStudioVersion = 10.0.40219.1
Project("{8BC9CEB8-8B4A-11D0-8D11-00A0C91BC942}") = "Lesson1", "Lesson1\Lesson1.vcxproj", "{88C29227-4273-4A4D-9C22-FB6174C97835}"
EndProject
Project("{8BC9CEB8-8B4A-11D0-8D11-00A0C91BC942}") = "Lesson2", "Lesson2\Lesson2.vcxproj", "{44A276C8-2CAB-4741-BADA-FFC76B4CD354}"
EndProject
Project("{8BC9CEB8-8B4A-11D0-8D11-00A0C91BC942}") = "Lesson3", "Lesson3\Lesson3.vcxproj", "{A3FF54AD-F6E6-4A10-9615-865AD6875942}"
EndProject
Project("{8BC9CEB8-8B4A-11D0-8D11-00A0C91BC942}") = "Lesson5", "Lesson5\Lesson5.vcxproj", "{248A45F1-6FA0-4AD6-8F3A-EE7B0F5FC65E}"
EndProject
Project("{8BC9CEB8-8B4A-11D0-8D11-00A0C91BC942}") = "Lesson6", "Lesson6\Lesson6.vcxproj", "{4E575E74-4B9E-4440-9255-F4A936DB8EC4}"
EndProject
Project("{8BC9CEB8-8B4A-11D0-8D11-00A0C91BC942}") = "Lesson7", "Lesson7\Lesson7.vcxproj", "{44289D2A-7192-442A-ACB5-D0275D1E4EAA}"
EndProject
Project("{8BC9CEB8-8B4A-11D0-8D11-00A0C91BC942}") = "Lesson8", "Lesson8\Lesson8.vcxproj", "{F3ABFA66-2201-42FD-8634-0E8EA69490AA}"
EndProject
Project("{8BC9CEB8-8B4A-11D0-8D11-00A0C91BC942}") = "Lesson8.2", "Lesson8.2\Lesson8.2.vcxproj", "{0B1D061C-D0BD-46CA-A7C5-96D05819292E}"
EndProject
Project("{8BC9CEB8-8B4A-11D0-8D11-00A0C91BC942}") = "Lesson9", "Lesson9\Lesson9.vcxproj", "{07AD2D30-3B18-4E98-833E-183F38078203}"
EndProject
Project("{8BC9CEB8-8B4A-11D0-8D11-00A0C91BC942}") = "Lesson9.1", "Lesson9.1\Lesson9.1.vcxproj", "{D14FFC0E-1D74-4AB2-B23A-48195C1D0BE9}"
EndProject
Project("{8BC9CEB8-8B4A-11D0-8D11-00A0C91BC942}") = "Lesson10", "Lesson10\Lesson10.vcxproj", "{C0BBF1A0-02EE-4BCC-BE99-B35082B66314}"
EndProject
Project("{8BC9CEB8-8B4A-11D0-8D11-00A0C91BC942}") = "Lesson11", "Lesson11\Lesson11.vcxproj", "{1A802E65-1506-4D4A-AA06-35696CE72171}"
EndProject
Project("{8BC9CEB8-8B4A-11D0-8D11-00A0C91BC942}") = "Lesson12", "Lesson12\Lesson12.vcxproj", "{2B586192-4BCC-409B-9AF6-786743ADE97D}"
EndProject
Project("{8BC9CEB8-8B4A-11D0-8D11-00A0C91BC942}") = "Lesson13", "Lesson13\Lesson13.vcxproj", "{01EB55B6-538D-4C4A-B3C6-1D921FB4A9F1}"
EndProject
Project("{8BC9CEB8-8B4A-11D0-8D11-00A0C91BC942}") = "Lesson13Practise", "Lesson13Practise\Lesson13Practise.vcxproj", "{F9DC20ED-74A5-4E20-9739-DA23773EC9F6}"
EndProject
Project("{8BC9CEB8-8B4A-11D0-8D11-00A0C91BC942}") = "Lesson14", "Lesson14\Lesson14.vcxproj", "{818CACCA-95A0-4BA7-9403-445F40BDB14A}"
EndProject
Project("{8BC9CEB8-8B4A-11D0-8D11-00A0C91BC942}") = "Lesson14.2", "Lesson14.2\Lesson14.2.vcxproj", "{B0BD2FF6-688E-4DD9-BEA4-B2909568F731}"
EndProject
Project("{8BC9CEB8-8B4A-11D0-8D11-00A0C91BC942}") = "Lesson15", "Lesson15\Lesson15.vcxproj", "{A68047A6-11D7-4551-89DE-A4781FFB1305}"
EndProject
Project("{8BC9CEB8-8B4A-11D0-8D11-00A0C91BC942}") = "Lesson15.2", "Lesson15.2\Lesson15.2.vcxproj", "{3D254E12-8BF4-427A-AA3B-F765EC2760DC}"
EndProject
Project("{8BC9CEB8-8B4A-11D0-8D11-00A0C91BC942}") = "Lesson16", "Lesson16\Lesson16.vcxproj", "{867AE9C4-8F51-4F42-935C-5E661AF198F3}"
EndProject
Project("{8BC9CEB8-8B4A-11D0-8D11-00A0C91BC942}") = "Lesson18", "Lesson18\Lesson18.vcxproj", "{77081475-EC19-474E-958E-E851B1492F22}"
EndProject
Project("{8BC9CEB8-8B4A-11D0-8D11-00A0C91BC942}") = "Lesson21OOP", "Lesson21OOP\Lesson21OOP.vcxproj", "{FF1904FC-7682-461A-B8B0-271C48703817}"
EndProject
Project("{8BC9CEB8-8B4A-11D0-8D11-00A0C91BC942}") = "Lesson22", "Lesson22\Lesson22.vcxproj", "{48306916-C400-4FA1-9D43-8F93C6ED03FC}"
EndProject
Project("{8BC9CEB8-8B4A-11D0-8D11-00A0C91BC942}") = "Lesson22.2", "Lesson22.2\Lesson22.2.vcxproj", "{090AAA78-7B3B-40C8-AAC5-CB9C6AB2869A}"
EndProject
Project("{8BC9CEB8-8B4A-11D0-8D11-00A0C91BC942}") = "Lesson23", "Lesson23\Lesson23.vcxproj", "{DFD45AE0-EFFC-4B3E-A240-26698AE75AB6}"
EndProject
Project("{8BC9CEB8-8B4A-11D0-8D11-00A0C91BC942}") = "Lesson24", "Lesson24\Lesson24.vcxproj", "{820258EC-65D2-4BEC-BDB5-68FD4830B8FB}"
EndProject
Global
	GlobalSection(SolutionConfigurationPlatforms) = preSolution
		Debug|x64 = Debug|x64
		Debug|x86 = Debug|x86
		Release|x64 = Release|x64
		Release|x86 = Release|x86
	EndGlobalSection
	GlobalSection(ProjectConfigurationPlatforms) = postSolution
		{88C29227-4273-4A4D-9C22-FB6174C97835}.Debug|x64.ActiveCfg = Debug|x64
		{88C29227-4273-4A4D-9C22-FB6174C97835}.Debug|x64.Build.0 = Debug|x64
		{88C29227-4273-4A4D-9C22-FB6174C97835}.Debug|x86.ActiveCfg = Debug|Win32
		{88C29227-4273-4A4D-9C22-FB6174C97835}.Debug|x86.Build.0 = Debug|Win32
		{88C29227-4273-4A4D-9C22-FB6174C97835}.Release|x64.ActiveCfg = Release|x64
		{88C29227-4273-4A4D-9C22-FB6174C97835}.Release|x64.Build.0 = Release|x64
		{88C29227-4273-4A4D-9C22-FB6174C97835}.Release|x86.ActiveCfg = Release|Win32
		{88C29227-4273-4A4D-9C22-FB6174C97835}.Release|x86.Build.0 = Release|Win32
		{44A276C8-2CAB-4741-BADA-FFC76B4CD354}.Debug|x64.ActiveCfg = Debug|x64
		{44A276C8-2CAB-4741-BADA-FFC76B4CD354}.Debug|x64.Build.0 = Debug|x64
		{44A276C8-2CAB-4741-BADA-FFC76B4CD354}.Debug|x86.ActiveCfg = Debug|Win32
		{44A276C8-2CAB-4741-BADA-FFC76B4CD354}.Debug|x86.Build.0 = Debug|Win32
		{44A276C8-2CAB-4741-BADA-FFC76B4CD354}.Release|x64.ActiveCfg = Release|x64
		{44A276C8-2CAB-4741-BADA-FFC76B4CD354}.Release|x64.Build.0 = Release|x64
		{44A276C8-2CAB-4741-BADA-FFC76B4CD354}.Release|x86.ActiveCfg = Release|Win32
		{44A276C8-2CAB-4741-BADA-FFC76B4CD354}.Release|x86.Build.0 = Release|Win32
		{A3FF54AD-F6E6-4A10-9615-865AD6875942}.Debug|x64.ActiveCfg = Debug|x64
		{A3FF54AD-F6E6-4A10-9615-865AD6875942}.Debug|x64.Build.0 = Debug|x64
		{A3FF54AD-F6E6-4A10-9615-865AD6875942}.Debug|x86.ActiveCfg = Debug|Win32
		{A3FF54AD-F6E6-4A10-9615-865AD6875942}.Debug|x86.Build.0 = Debug|Win32
		{A3FF54AD-F6E6-4A10-9615-865AD6875942}.Release|x64.ActiveCfg = Release|x64
		{A3FF54AD-F6E6-4A10-9615-865AD6875942}.Release|x64.Build.0 = Release|x64
		{A3FF54AD-F6E6-4A10-9615-865AD6875942}.Release|x86.ActiveCfg = Release|Win32
		{A3FF54AD-F6E6-4A10-9615-865AD6875942}.Release|x86.Build.0 = Release|Win32
		{248A45F1-6FA0-4AD6-8F3A-EE7B0F5FC65E}.Debug|x64.ActiveCfg = Debug|x64
		{248A45F1-6FA0-4AD6-8F3A-EE7B0F5FC65E}.Debug|x64.Build.0 = Debug|x64
		{248A45F1-6FA0-4AD6-8F3A-EE7B0F5FC65E}.Debug|x86.ActiveCfg = Debug|Win32
		{248A45F1-6FA0-4AD6-8F3A-EE7B0F5FC65E}.Debug|x86.Build.0 = Debug|Win32
		{248A45F1-6FA0-4AD6-8F3A-EE7B0F5FC65E}.Release|x64.ActiveCfg = Release|x64
		{248A45F1-6FA0-4AD6-8F3A-EE7B0F5FC65E}.Release|x64.Build.0 = Release|x64
		{248A45F1-6FA0-4AD6-8F3A-EE7B0F5FC65E}.Release|x86.ActiveCfg = Release|Win32
		{248A45F1-6FA0-4AD6-8F3A-EE7B0F5FC65E}.Release|x86.Build.0 = Release|Win32
		{4E575E74-4B9E-4440-9255-F4A936DB8EC4}.Debug|x64.ActiveCfg = Debug|x64
		{4E575E74-4B9E-4440-9255-F4A936DB8EC4}.Debug|x64.Build.0 = Debug|x64
		{4E575E74-4B9E-4440-9255-F4A936DB8EC4}.Debug|x86.ActiveCfg = Debug|Win32
		{4E575E74-4B9E-4440-9255-F4A936DB8EC4}.Debug|x86.Build.0 = Debug|Win32
		{4E575E74-4B9E-4440-9255-F4A936DB8EC4}.Release|x64.ActiveCfg = Release|x64
		{4E575E74-4B9E-4440-9255-F4A936DB8EC4}.Release|x64.Build.0 = Release|x64
		{4E575E74-4B9E-4440-9255-F4A936DB8EC4}.Release|x86.ActiveCfg = Release|Win32
		{4E575E74-4B9E-4440-9255-F4A936DB8EC4}.Release|x86.Build.0 = Release|Win32
		{44289D2A-7192-442A-ACB5-D0275D1E4EAA}.Debug|x64.ActiveCfg = Debug|x64
		{44289D2A-7192-442A-ACB5-D0275D1E4EAA}.Debug|x64.Build.0 = Debug|x64
		{44289D2A-7192-442A-ACB5-D0275D1E4EAA}.Debug|x86.ActiveCfg = Debug|Win32
		{44289D2A-7192-442A-ACB5-D0275D1E4EAA}.Debug|x86.Build.0 = Debug|Win32
		{44289D2A-7192-442A-ACB5-D0275D1E4EAA}.Release|x64.ActiveCfg = Release|x64
		{44289D2A-7192-442A-ACB5-D0275D1E4EAA}.Release|x64.Build.0 = Release|x64
		{44289D2A-7192-442A-ACB5-D0275D1E4EAA}.Release|x86.ActiveCfg = Release|Win32
		{44289D2A-7192-442A-ACB5-D0275D1E4EAA}.Release|x86.Build.0 = Release|Win32
		{F3ABFA66-2201-42FD-8634-0E8EA69490AA}.Debug|x64.ActiveCfg = Debug|x64
		{F3ABFA66-2201-42FD-8634-0E8EA69490AA}.Debug|x64.Build.0 = Debug|x64
		{F3ABFA66-2201-42FD-8634-0E8EA69490AA}.Debug|x86.ActiveCfg = Debug|Win32
		{F3ABFA66-2201-42FD-8634-0E8EA69490AA}.Debug|x86.Build.0 = Debug|Win32
		{F3ABFA66-2201-42FD-8634-0E8EA69490AA}.Release|x64.ActiveCfg = Release|x64
		{F3ABFA66-2201-42FD-8634-0E8EA69490AA}.Release|x64.Build.0 = Release|x64
		{F3ABFA66-2201-42FD-8634-0E8EA69490AA}.Release|x86.ActiveCfg = Release|Win32
		{F3ABFA66-2201-42FD-8634-0E8EA69490AA}.Release|x86.Build.0 = Release|Win32
		{0B1D061C-D0BD-46CA-A7C5-96D05819292E}.Debug|x64.ActiveCfg = Debug|x64
		{0B1D061C-D0BD-46CA-A7C5-96D05819292E}.Debug|x64.Build.0 = Debug|x64
		{0B1D061C-D0BD-46CA-A7C5-96D05819292E}.Debug|x86.ActiveCfg = Debug|Win32
		{0B1D061C-D0BD-46CA-A7C5-96D05819292E}.Debug|x86.Build.0 = Debug|Win32
		{0B1D061C-D0BD-46CA-A7C5-96D05819292E}.Release|x64.ActiveCfg = Release|x64
		{0B1D061C-D0BD-46CA-A7C5-96D05819292E}.Release|x64.Build.0 = Release|x64
		{0B1D061C-D0BD-46CA-A7C5-96D05819292E}.Release|x86.ActiveCfg = Release|Win32
		{0B1D061C-D0BD-46CA-A7C5-96D05819292E}.Release|x86.Build.0 = Release|Win32
		{07AD2D30-3B18-4E98-833E-183F38078203}.Debug|x64.ActiveCfg = Debug|x64
		{07AD2D30-3B18-4E98-833E-183F38078203}.Debug|x64.Build.0 = Debug|x64
		{07AD2D30-3B18-4E98-833E-183F38078203}.Debug|x86.ActiveCfg = Debug|Win32
		{07AD2D30-3B18-4E98-833E-183F38078203}.Debug|x86.Build.0 = Debug|Win32
		{07AD2D30-3B18-4E98-833E-183F38078203}.Release|x64.ActiveCfg = Release|x64
		{07AD2D30-3B18-4E98-833E-183F38078203}.Release|x64.Build.0 = Release|x64
		{07AD2D30-3B18-4E98-833E-183F38078203}.Release|x86.ActiveCfg = Release|Win32
		{07AD2D30-3B18-4E98-833E-183F38078203}.Release|x86.Build.0 = Release|Win32
		{D14FFC0E-1D74-4AB2-B23A-48195C1D0BE9}.Debug|x64.ActiveCfg = Debug|x64
		{D14FFC0E-1D74-4AB2-B23A-48195C1D0BE9}.Debug|x64.Build.0 = Debug|x64
		{D14FFC0E-1D74-4AB2-B23A-48195C1D0BE9}.Debug|x86.ActiveCfg = Debug|Win32
		{D14FFC0E-1D74-4AB2-B23A-48195C1D0BE9}.Debug|x86.Build.0 = Debug|Win32
		{D14FFC0E-1D74-4AB2-B23A-48195C1D0BE9}.Release|x64.ActiveCfg = Release|x64
		{D14FFC0E-1D74-4AB2-B23A-48195C1D0BE9}.Release|x64.Build.0 = Release|x64
		{D14FFC0E-1D74-4AB2-B23A-48195C1D0BE9}.Release|x86.ActiveCfg = Release|Win32
		{D14FFC0E-1D74-4AB2-B23A-48195C1D0BE9}.Release|x86.Build.0 = Release|Win32
		{C0BBF1A0-02EE-4BCC-BE99-B35082B66314}.Debug|x64.ActiveCfg = Debug|x64
		{C0BBF1A0-02EE-4BCC-BE99-B35082B66314}.Debug|x64.Build.0 = Debug|x64
		{C0BBF1A0-02EE-4BCC-BE99-B35082B66314}.Debug|x86.ActiveCfg = Debug|Win32
		{C0BBF1A0-02EE-4BCC-BE99-B35082B66314}.Debug|x86.Build.0 = Debug|Win32
		{C0BBF1A0-02EE-4BCC-BE99-B35082B66314}.Release|x64.ActiveCfg = Release|x64
		{C0BBF1A0-02EE-4BCC-BE99-B35082B66314}.Release|x64.Build.0 = Release|x64
		{C0BBF1A0-02EE-4BCC-BE99-B35082B66314}.Release|x86.ActiveCfg = Release|Win32
		{C0BBF1A0-02EE-4BCC-BE99-B35082B66314}.Release|x86.Build.0 = Release|Win32
		{1A802E65-1506-4D4A-AA06-35696CE72171}.Debug|x64.ActiveCfg = Debug|x64
		{1A802E65-1506-4D4A-AA06-35696CE72171}.Debug|x64.Build.0 = Debug|x64
		{1A802E65-1506-4D4A-AA06-35696CE72171}.Debug|x86.ActiveCfg = Debug|Win32
		{1A802E65-1506-4D4A-AA06-35696CE72171}.Debug|x86.Build.0 = Debug|Win32
		{1A802E65-1506-4D4A-AA06-35696CE72171}.Release|x64.ActiveCfg = Release|x64
		{1A802E65-1506-4D4A-AA06-35696CE72171}.Release|x64.Build.0 = Release|x64
		{1A802E65-1506-4D4A-AA06-35696CE72171}.Release|x86.ActiveCfg = Release|Win32
		{1A802E65-1506-4D4A-AA06-35696CE72171}.Release|x86.Build.0 = Release|Win32
		{2B586192-4BCC-409B-9AF6-786743ADE97D}.Debug|x64.ActiveCfg = Debug|x64
		{2B586192-4BCC-409B-9AF6-786743ADE97D}.Debug|x64.Build.0 = Debug|x64
		{2B586192-4BCC-409B-9AF6-786743ADE97D}.Debug|x86.ActiveCfg = Debug|Win32
		{2B586192-4BCC-409B-9AF6-786743ADE97D}.Debug|x86.Build.0 = Debug|Win32
		{2B586192-4BCC-409B-9AF6-786743ADE97D}.Release|x64.ActiveCfg = Release|x64
		{2B586192-4BCC-409B-9AF6-786743ADE97D}.Release|x64.Build.0 = Release|x64
		{2B586192-4BCC-409B-9AF6-786743ADE97D}.Release|x86.ActiveCfg = Release|Win32
		{2B586192-4BCC-409B-9AF6-786743ADE97D}.Release|x86.Build.0 = Release|Win32
		{01EB55B6-538D-4C4A-B3C6-1D921FB4A9F1}.Debug|x64.ActiveCfg = Debug|x64
		{01EB55B6-538D-4C4A-B3C6-1D921FB4A9F1}.Debug|x64.Build.0 = Debug|x64
		{01EB55B6-538D-4C4A-B3C6-1D921FB4A9F1}.Debug|x86.ActiveCfg = Debug|Win32
		{01EB55B6-538D-4C4A-B3C6-1D921FB4A9F1}.Debug|x86.Build.0 = Debug|Win32
		{01EB55B6-538D-4C4A-B3C6-1D921FB4A9F1}.Release|x64.ActiveCfg = Release|x64
		{01EB55B6-538D-4C4A-B3C6-1D921FB4A9F1}.Release|x64.Build.0 = Release|x64
		{01EB55B6-538D-4C4A-B3C6-1D921FB4A9F1}.Release|x86.ActiveCfg = Release|Win32
		{01EB55B6-538D-4C4A-B3C6-1D921FB4A9F1}.Release|x86.Build.0 = Release|Win32
		{F9DC20ED-74A5-4E20-9739-DA23773EC9F6}.Debug|x64.ActiveCfg = Debug|x64
		{F9DC20ED-74A5-4E20-9739-DA23773EC9F6}.Debug|x64.Build.0 = Debug|x64
		{F9DC20ED-74A5-4E20-9739-DA23773EC9F6}.Debug|x86.ActiveCfg = Debug|Win32
		{F9DC20ED-74A5-4E20-9739-DA23773EC9F6}.Debug|x86.Build.0 = Debug|Win32
		{F9DC20ED-74A5-4E20-9739-DA23773EC9F6}.Release|x64.ActiveCfg = Release|x64
		{F9DC20ED-74A5-4E20-9739-DA23773EC9F6}.Release|x64.Build.0 = Release|x64
		{F9DC20ED-74A5-4E20-9739-DA23773EC9F6}.Release|x86.ActiveCfg = Release|Win32
		{F9DC20ED-74A5-4E20-9739-DA23773EC9F6}.Release|x86.Build.0 = Release|Win32
		{818CACCA-95A0-4BA7-9403-445F40BDB14A}.Debug|x64.ActiveCfg = Debug|x64
		{818CACCA-95A0-4BA7-9403-445F40BDB14A}.Debug|x64.Build.0 = Debug|x64
		{818CACCA-95A0-4BA7-9403-445F40BDB14A}.Debug|x86.ActiveCfg = Debug|Win32
		{818CACCA-95A0-4BA7-9403-445F40BDB14A}.Debug|x86.Build.0 = Debug|Win32
		{818CACCA-95A0-4BA7-9403-445F40BDB14A}.Release|x64.ActiveCfg = Release|x64
		{818CACCA-95A0-4BA7-9403-445F40BDB14A}.Release|x64.Build.0 = Release|x64
		{818CACCA-95A0-4BA7-9403-445F40BDB14A}.Release|x86.ActiveCfg = Release|Win32
		{818CACCA-95A0-4BA7-9403-445F40BDB14A}.Release|x86.Build.0 = Release|Win32
		{B0BD2FF6-688E-4DD9-BEA4-B2909568F731}.Debug|x64.ActiveCfg = Debug|x64
		{B0BD2FF6-688E-4DD9-BEA4-B2909568F731}.Debug|x64.Build.0 = Debug|x64
		{B0BD2FF6-688E-4DD9-BEA4-B2909568F731}.Debug|x86.ActiveCfg = Debug|Win32
		{B0BD2FF6-688E-4DD9-BEA4-B2909568F731}.Debug|x86.Build.0 = Debug|Win32
		{B0BD2FF6-688E-4DD9-BEA4-B2909568F731}.Release|x64.ActiveCfg = Release|x64
		{B0BD2FF6-688E-4DD9-BEA4-B2909568F731}.Release|x64.Build.0 = Release|x64
		{B0BD2FF6-688E-4DD9-BEA4-B2909568F731}.Release|x86.ActiveCfg = Release|Win32
		{B0BD2FF6-688E-4DD9-BEA4-B2909568F731}.Release|x86.Build.0 = Release|Win32
		{A68047A6-11D7-4551-89DE-A4781FFB1305}.Debug|x64.ActiveCfg = Debug|x64
		{A68047A6-11D7-4551-89DE-A4781FFB1305}.Debug|x64.Build.0 = Debug|x64
		{A68047A6-11D7-4551-89DE-A4781FFB1305}.Debug|x86.ActiveCfg = Debug|Win32
		{A68047A6-11D7-4551-89DE-A4781FFB1305}.Debug|x86.Build.0 = Debug|Win32
		{A68047A6-11D7-4551-89DE-A4781FFB1305}.Release|x64.ActiveCfg = Release|x64
		{A68047A6-11D7-4551-89DE-A4781FFB1305}.Release|x64.Build.0 = Release|x64
		{A68047A6-11D7-4551-89DE-A4781FFB1305}.Release|x86.ActiveCfg = Release|Win32
		{A68047A6-11D7-4551-89DE-A4781FFB1305}.Release|x86.Build.0 = Release|Win32
		{3D254E12-8BF4-427A-AA3B-F765EC2760DC}.Debug|x64.ActiveCfg = Debug|x64
		{3D254E12-8BF4-427A-AA3B-F765EC2760DC}.Debug|x64.Build.0 = Debug|x64
		{3D254E12-8BF4-427A-AA3B-F765EC2760DC}.Debug|x86.ActiveCfg = Debug|Win32
		{3D254E12-8BF4-427A-AA3B-F765EC2760DC}.Debug|x86.Build.0 = Debug|Win32
		{3D254E12-8BF4-427A-AA3B-F765EC2760DC}.Release|x64.ActiveCfg = Release|x64
		{3D254E12-8BF4-427A-AA3B-F765EC2760DC}.Release|x64.Build.0 = Release|x64
		{3D254E12-8BF4-427A-AA3B-F765EC2760DC}.Release|x86.ActiveCfg = Release|Win32
		{3D254E12-8BF4-427A-AA3B-F765EC2760DC}.Release|x86.Build.0 = Release|Win32
		{867AE9C4-8F51-4F42-935C-5E661AF198F3}.Debug|x64.ActiveCfg = Debug|x64
		{867AE9C4-8F51-4F42-935C-5E661AF198F3}.Debug|x64.Build.0 = Debug|x64
		{867AE9C4-8F51-4F42-935C-5E661AF198F3}.Debug|x86.ActiveCfg = Debug|Win32
		{867AE9C4-8F51-4F42-935C-5E661AF198F3}.Debug|x86.Build.0 = Debug|Win32
		{867AE9C4-8F51-4F42-935C-5E661AF198F3}.Release|x64.ActiveCfg = Release|x64
		{867AE9C4-8F51-4F42-935C-5E661AF198F3}.Release|x64.Build.0 = Release|x64
		{867AE9C4-8F51-4F42-935C-5E661AF198F3}.Release|x86.ActiveCfg = Release|Win32
		{867AE9C4-8F51-4F42-935C-5E661AF198F3}.Release|x86.Build.0 = Release|Win32
		{77081475-EC19-474E-958E-E851B1492F22}.Debug|x64.ActiveCfg = Debug|x64
		{77081475-EC19-474E-958E-E851B1492F22}.Debug|x64.Build.0 = Debug|x64
		{77081475-EC19-474E-958E-E851B1492F22}.Debug|x86.ActiveCfg = Debug|Win32
		{77081475-EC19-474E-958E-E851B1492F22}.Debug|x86.Build.0 = Debug|Win32
		{77081475-EC19-474E-958E-E851B1492F22}.Release|x64.ActiveCfg = Release|x64
		{77081475-EC19-474E-958E-E851B1492F22}.Release|x64.Build.0 = Release|x64
		{77081475-EC19-474E-958E-E851B1492F22}.Release|x86.ActiveCfg = Release|Win32
		{77081475-EC19-474E-958E-E851B1492F22}.Release|x86.Build.0 = Release|Win32
		{FF1904FC-7682-461A-B8B0-271C48703817}.Debug|x64.ActiveCfg = Debug|x64
		{FF1904FC-7682-461A-B8B0-271C48703817}.Debug|x64.Build.0 = Debug|x64
		{FF1904FC-7682-461A-B8B0-271C48703817}.Debug|x86.ActiveCfg = Debug|Win32
		{FF1904FC-7682-461A-B8B0-271C48703817}.Debug|x86.Build.0 = Debug|Win32
		{FF1904FC-7682-461A-B8B0-271C48703817}.Release|x64.ActiveCfg = Release|x64
		{FF1904FC-7682-461A-B8B0-271C48703817}.Release|x64.Build.0 = Release|x64
		{FF1904FC-7682-461A-B8B0-271C48703817}.Release|x86.ActiveCfg = Release|Win32
		{FF1904FC-7682-461A-B8B0-271C48703817}.Release|x86.Build.0 = Release|Win32
		{48306916-C400-4FA1-9D43-8F93C6ED03FC}.Debug|x64.ActiveCfg = Debug|x64
		{48306916-C400-4FA1-9D43-8F93C6ED03FC}.Debug|x64.Build.0 = Debug|x64
		{48306916-C400-4FA1-9D43-8F93C6ED03FC}.Debug|x86.ActiveCfg = Debug|Win32
		{48306916-C400-4FA1-9D43-8F93C6ED03FC}.Debug|x86.Build.0 = Debug|Win32
		{48306916-C400-4FA1-9D43-8F93C6ED03FC}.Release|x64.ActiveCfg = Release|x64
		{48306916-C400-4FA1-9D43-8F93C6ED03FC}.Release|x64.Build.0 = Release|x64
		{48306916-C400-4FA1-9D43-8F93C6ED03FC}.Release|x86.ActiveCfg = Release|Win32
		{48306916-C400-4FA1-9D43-8F93C6ED03FC}.Release|x86.Build.0 = Release|Win32
		{090AAA78-7B3B-40C8-AAC5-CB9C6AB2869A}.Debug|x64.ActiveCfg = Debug|x64
		{090AAA78-7B3B-40C8-AAC5-CB9C6AB2869A}.Debug|x64.Build.0 = Debug|x64
		{090AAA78-7B3B-40C8-AAC5-CB9C6AB2869A}.Debug|x86.ActiveCfg = Debug|Win32
		{090AAA78-7B3B-40C8-AAC5-CB9C6AB2869A}.Debug|x86.Build.0 = Debug|Win32
		{090AAA78-7B3B-40C8-AAC5-CB9C6AB2869A}.Release|x64.ActiveCfg = Release|x64
		{090AAA78-7B3B-40C8-AAC5-CB9C6AB2869A}.Release|x64.Build.0 = Release|x64
		{090AAA78-7B3B-40C8-AAC5-CB9C6AB2869A}.Release|x86.ActiveCfg = Release|Win32
		{090AAA78-7B3B-40C8-AAC5-CB9C6AB2869A}.Release|x86.Build.0 = Release|Win32
		{DFD45AE0-EFFC-4B3E-A240-26698AE75AB6}.Debug|x64.ActiveCfg = Debug|x64
		{DFD45AE0-EFFC-4B3E-A240-26698AE75AB6}.Debug|x64.Build.0 = Debug|x64
		{DFD45AE0-EFFC-4B3E-A240-26698AE75AB6}.Debug|x86.ActiveCfg = Debug|Win32
		{DFD45AE0-EFFC-4B3E-A240-26698AE75AB6}.Debug|x86.Build.0 = Debug|Win32
		{DFD45AE0-EFFC-4B3E-A240-26698AE75AB6}.Release|x64.ActiveCfg = Release|x64
		{DFD45AE0-EFFC-4B3E-A240-26698AE75AB6}.Release|x64.Build.0 = Release|x64
		{DFD45AE0-EFFC-4B3E-A240-26698AE75AB6}.Release|x86.ActiveCfg = Release|Win32
		{DFD45AE0-EFFC-4B3E-A240-26698AE75AB6}.Release|x86.Build.0 = Release|Win32
		{820258EC-65D2-4BEC-BDB5-68FD4830B8FB}.Debug|x64.ActiveCfg = Debug|x64
		{820258EC-65D2-4BEC-BDB5-68FD4830B8FB}.Debug|x64.Build.0 = Debug|x64
		{820258EC-65D2-4BEC-BDB5-68FD4830B8FB}.Debug|x86.ActiveCfg = Debug|Win32
		{820258EC-65D2-4BEC-BDB5-68FD4830B8FB}.Debug|x86.Build.0 = Debug|Win32
		{820258EC-65D2-4BEC-BDB5-68FD4830B8FB}.Release|x64.ActiveCfg = Release|x64
		{820258EC-65D2-4BEC-BDB5-68FD4830B8FB}.Release|x64.Build.0 = Release|x64
		{820258EC-65D2-4BEC-BDB5-68FD4830B8FB}.Release|x86.ActiveCfg = Release|Win32
		{820258EC-65D2-4BEC-BDB5-68FD4830B8FB}.Release|x86.Build.0 = Release|Win32
	EndGlobalSection
	GlobalSection(SolutionProperties) = preSolution
		HideSolutionNode = FALSE
	EndGlobalSection
	GlobalSection(ExtensibilityGlobals) = postSolution
		SolutionGuid = {71702988-578E-4991-8879-E9D41FA9D46F}
	EndGlobalSection
EndGlobal
